
Microsoft Visual Studio Solution File, Format Version 12.00
# Visual Studio Version 16
VisualStudioVersion = 16.0.28803.156
MinimumVisualStudioVersion = 10.0.40219.1
Project("{FAE04EC0-301F-11D3-BF4B-00C04F79EFBC}") = "CaglarDurmus.BackOffice.Business", "CaglarDurmus.BackOffice.Business\CaglarDurmus.BackOffice.Business.csproj", "{A9AA861E-03DD-40E7-81AD-394C34670F48}"
EndProject
Project("{FAE04EC0-301F-11D3-BF4B-00C04F79EFBC}") = "CaglarDurmus.BackOffice.DataAccess", "CaglarDurmus.BackOffice.DataAccess\CaglarDurmus.BackOffice.DataAccess.csproj", "{564DF743-EF12-4560-96AB-69D526CD8BF0}"
EndProject
Project("{FAE04EC0-301F-11D3-BF4B-00C04F79EFBC}") = "CaglarDurmus.BackOffice.Entities", "CaglarDurmus.BackOffice.Entities\CaglarDurmus.BackOffice.Entities.csproj", "{25CFE24B-9D66-4BA1-9F44-75862274D400}"
EndProject
Project("{FAE04EC0-301F-11D3-BF4B-00C04F79EFBC}") = "CaglarDurmus.BackOffice.WebUI", "CaglarDurmus.BackOffice.WebUI\CaglarDurmus.BackOffice.WebUI.csproj", "{A394777A-B28E-4644-9423-CEB3CFC37BC3}"
EndProject
Project("{FAE04EC0-301F-11D3-BF4B-00C04F79EFBC}") = "CaglarDurmus.CustomControls.Web", "CaglarDurmus.CustomControls.Web\CaglarDurmus.CustomControls.Web.csproj", "{10293471-3DA1-4FCA-AAB2-CFA318546E8A}"
EndProject
Project("{FAE04EC0-301F-11D3-BF4B-00C04F79EFBC}") = "CaglarDurmus.Core", "CaglarDurmus.Core\CaglarDurmus.Core.csproj", "{44D83F04-DE5C-42AA-ABEF-788C91DC4A55}"
EndProject
Global
	GlobalSection(SolutionConfigurationPlatforms) = preSolution
		Debug|Any CPU = Debug|Any CPU
		Release|Any CPU = Release|Any CPU
	EndGlobalSection
	GlobalSection(ProjectConfigurationPlatforms) = postSolution
		{A9AA861E-03DD-40E7-81AD-394C34670F48}.Debug|Any CPU.ActiveCfg = Debug|Any CPU
		{A9AA861E-03DD-40E7-81AD-394C34670F48}.Debug|Any CPU.Build.0 = Debug|Any CPU
		{A9AA861E-03DD-40E7-81AD-394C34670F48}.Release|Any CPU.ActiveCfg = Release|Any CPU
		{A9AA861E-03DD-40E7-81AD-394C34670F48}.Release|Any CPU.Build.0 = Release|Any CPU
		{564DF743-EF12-4560-96AB-69D526CD8BF0}.Debug|Any CPU.ActiveCfg = Debug|Any CPU
		{564DF743-EF12-4560-96AB-69D526CD8BF0}.Debug|Any CPU.Build.0 = Debug|Any CPU
		{564DF743-EF12-4560-96AB-69D526CD8BF0}.Release|Any CPU.ActiveCfg = Release|Any CPU
		{564DF743-EF12-4560-96AB-69D526CD8BF0}.Release|Any CPU.Build.0 = Release|Any CPU
		{25CFE24B-9D66-4BA1-9F44-75862274D400}.Debug|Any CPU.ActiveCfg = Debug|Any CPU
		{25CFE24B-9D66-4BA1-9F44-75862274D400}.Debug|Any CPU.Build.0 = Debug|Any CPU
		{25CFE24B-9D66-4BA1-9F44-75862274D400}.Release|Any CPU.ActiveCfg = Release|Any CPU
		{25CFE24B-9D66-4BA1-9F44-75862274D400}.Release|Any CPU.Build.0 = Release|Any CPU
		{A394777A-B28E-4644-9423-CEB3CFC37BC3}.Debug|Any CPU.ActiveCfg = Debug|Any CPU
		{A394777A-B28E-4644-9423-CEB3CFC37BC3}.Debug|Any CPU.Build.0 = Debug|Any CPU
		{A394777A-B28E-4644-9423-CEB3CFC37BC3}.Release|Any CPU.ActiveCfg = Release|Any CPU
		{A394777A-B28E-4644-9423-CEB3CFC37BC3}.Release|Any CPU.Build.0 = Release|Any CPU
		{10293471-3DA1-4FCA-AAB2-CFA318546E8A}.Debug|Any CPU.ActiveCfg = Debug|Any CPU
		{10293471-3DA1-4FCA-AAB2-CFA318546E8A}.Debug|Any CPU.Build.0 = Debug|Any CPU
		{10293471-3DA1-4FCA-AAB2-CFA318546E8A}.Release|Any CPU.ActiveCfg = Release|Any CPU
		{10293471-3DA1-4FCA-AAB2-CFA318546E8A}.Release|Any CPU.Build.0 = Release|Any CPU
		{44D83F04-DE5C-42AA-ABEF-788C91DC4A55}.Debug|Any CPU.ActiveCfg = Debug|Any CPU
		{44D83F04-DE5C-42AA-ABEF-788C91DC4A55}.Debug|Any CPU.Build.0 = Debug|Any CPU
		{44D83F04-DE5C-42AA-ABEF-788C91DC4A55}.Release|Any CPU.ActiveCfg = Release|Any CPU
		{44D83F04-DE5C-42AA-ABEF-788C91DC4A55}.Release|Any CPU.Build.0 = Release|Any CPU
	EndGlobalSection
	GlobalSection(SolutionProperties) = preSolution
		HideSolutionNode = FALSE
	EndGlobalSection
	GlobalSection(ExtensibilityGlobals) = postSolution
		SolutionGuid = {C951C502-59C2-4099-8E37-68395C461618}
	EndGlobalSection
EndGlobal
